{
  "name": "test",
  "lockfileVersion": 3,
  "requires": true,
  "packages": {
    "": {
      "dependencies": {
        "all-isotopes": "^1.3.0"
      }
    },
    "node_modules/all-isotopes": {
      "version": "1.3.0",
      "resolved": "https://registry.npmjs.org/all-isotopes/-/all-isotopes-1.3.0.tgz",
      "integrity": "sha512-6rdboyTsu/lywS7TOtdR5c3CtN/0dYgpuh1+SYhGPvZZCNspiv3e/51Xa4SiVBZVQS7iWUwXJ12Tpk6hmBHuLQ=="
    }
  }
}
